
Microsoft Visual Studio Solution File, Format Version 12.00
# Visual Studio Version 17
VisualStudioVersion = 17.13.35913.81
MinimumVisualStudioVersion = 10.0.40219.1
Project("{FAE04EC0-301F-11D3-BF4B-00C04F79EFBC}") = "CFCSV", "CFCSV.csproj", "{F23FF318-9C33-4FFF-BE16-D2135B9BDA65}"
EndProject
Project("{FAE04EC0-301F-11D3-BF4B-00C04F79EFBC}") = "CFCSV.TestClient2", "..\CFCSV.TestClient2\CFCSV.TestClient2.csproj", "{4F816222-A681-4856-B5E6-CA4FF128295A}"
EndProject
Global
	GlobalSection(SolutionConfigurationPlatforms) = preSolution
		Debug|Any CPU = Debug|Any CPU
		Release|Any CPU = Release|Any CPU
	EndGlobalSection
	GlobalSection(ProjectConfigurationPlatforms) = postSolution
		{F23FF318-9C33-4FFF-BE16-D2135B9BDA65}.Debug|Any CPU.ActiveCfg = Debug|Any CPU
		{F23FF318-9C33-4FFF-BE16-D2135B9BDA65}.Debug|Any CPU.Build.0 = Debug|Any CPU
		{F23FF318-9C33-4FFF-BE16-D2135B9BDA65}.Release|Any CPU.ActiveCfg = Release|Any CPU
		{F23FF318-9C33-4FFF-BE16-D2135B9BDA65}.Release|Any CPU.Build.0 = Release|Any CPU
		{4F816222-A681-4856-B5E6-CA4FF128295A}.Debug|Any CPU.ActiveCfg = Debug|Any CPU
		{4F816222-A681-4856-B5E6-CA4FF128295A}.Debug|Any CPU.Build.0 = Debug|Any CPU
		{4F816222-A681-4856-B5E6-CA4FF128295A}.Release|Any CPU.ActiveCfg = Release|Any CPU
		{4F816222-A681-4856-B5E6-CA4FF128295A}.Release|Any CPU.Build.0 = Release|Any CPU
	EndGlobalSection
	GlobalSection(SolutionProperties) = preSolution
		HideSolutionNode = FALSE
	EndGlobalSection
	GlobalSection(ExtensibilityGlobals) = postSolution
		SolutionGuid = {4689BDBB-B7D2-4ED4-B9D7-E4E02B1C67C0}
	EndGlobalSection
EndGlobal
